
Microsoft Visual Studio Solution File, Format Version 12.00
# Visual Studio Version 17
VisualStudioVersion = 17.3.32811.315
MinimumVisualStudioVersion = 10.0.40219.1
Project("{888888A0-9F3D-457C-B088-3A5042F75D52}") = "AquariumSim", "AquariumSim.pyproj", "{0983F431-3365-455E-B147-EAF4EFC726F7}"
EndProject
Global
	GlobalSection(SolutionConfigurationPlatforms) = preSolution
		Debug|Any CPU = Debug|Any CPU
		Release|Any CPU = Release|Any CPU
	EndGlobalSection
	GlobalSection(ProjectConfigurationPlatforms) = postSolution
		{0983F431-3365-455E-B147-EAF4EFC726F7}.Debug|Any CPU.ActiveCfg = Debug|Any CPU
		{0983F431-3365-455E-B147-EAF4EFC726F7}.Release|Any CPU.ActiveCfg = Release|Any CPU
	EndGlobalSection
	GlobalSection(SolutionProperties) = preSolution
		HideSolutionNode = FALSE
	EndGlobalSection
	GlobalSection(ExtensibilityGlobals) = postSolution
		SolutionGuid = {975721D6-E11E-4316-A568-622D75D04316}
	EndGlobalSection
EndGlobal
